
Microsoft Visual Studio Solution File, Format Version 11.00
# Visual Studio 2010
Project("{FAE04EC0-301F-11D3-BF4B-00C04F79EFBC}") = "Builder_CS", "Builder_CS\Builder_CS.csproj", "{79F3B515-734F-41CD-AECF-51A365BC39A6}"
EndProject
Project("{FAE04EC0-301F-11D3-BF4B-00C04F79EFBC}") = "Prototype_CS", "Prototype_CS\Prototype_CS.csproj", "{D615E8D0-90F8-4A88-8F40-A6D623F10A86}"
EndProject
Project("{FAE04EC0-301F-11D3-BF4B-00C04F79EFBC}") = "Singleton_CS", "Singleton_CS\Singleton_CS.csproj", "{8CDB0658-6FAE-41B3-A9F8-0A336A4149D0}"
EndProject
Project("{FAE04EC0-301F-11D3-BF4B-00C04F79EFBC}") = "Bridge_CS", "Bridge_CS\Bridge_CS.csproj", "{A02DDE7C-0D32-42CA-B8FF-960CD5FFFB5D}"
EndProject
Project("{FAE04EC0-301F-11D3-BF4B-00C04F79EFBC}") = "Composite_CS", "Composite_CS\Composite_CS.csproj", "{ED8FF12A-1EB7-4C50-84DB-B66497A5A934}"
EndProject
Global
	GlobalSection(SolutionConfigurationPlatforms) = preSolution
		Debug|Any CPU = Debug|Any CPU
		Debug|Mixed Platforms = Debug|Mixed Platforms
		Debug|x86 = Debug|x86
		Release|Any CPU = Release|Any CPU
		Release|Mixed Platforms = Release|Mixed Platforms
		Release|x86 = Release|x86
	EndGlobalSection
	GlobalSection(ProjectConfigurationPlatforms) = postSolution
		{79F3B515-734F-41CD-AECF-51A365BC39A6}.Debug|Any CPU.ActiveCfg = Debug|x86
		{79F3B515-734F-41CD-AECF-51A365BC39A6}.Debug|Mixed Platforms.ActiveCfg = Debug|x86
		{79F3B515-734F-41CD-AECF-51A365BC39A6}.Debug|Mixed Platforms.Build.0 = Debug|x86
		{79F3B515-734F-41CD-AECF-51A365BC39A6}.Debug|x86.ActiveCfg = Debug|x86
		{79F3B515-734F-41CD-AECF-51A365BC39A6}.Debug|x86.Build.0 = Debug|x86
		{79F3B515-734F-41CD-AECF-51A365BC39A6}.Release|Any CPU.ActiveCfg = Release|x86
		{79F3B515-734F-41CD-AECF-51A365BC39A6}.Release|Mixed Platforms.ActiveCfg = Release|x86
		{79F3B515-734F-41CD-AECF-51A365BC39A6}.Release|Mixed Platforms.Build.0 = Release|x86
		{79F3B515-734F-41CD-AECF-51A365BC39A6}.Release|x86.ActiveCfg = Release|x86
		{79F3B515-734F-41CD-AECF-51A365BC39A6}.Release|x86.Build.0 = Release|x86
		{D615E8D0-90F8-4A88-8F40-A6D623F10A86}.Debug|Any CPU.ActiveCfg = Debug|x86
		{D615E8D0-90F8-4A88-8F40-A6D623F10A86}.Debug|Mixed Platforms.ActiveCfg = Debug|x86
		{D615E8D0-90F8-4A88-8F40-A6D623F10A86}.Debug|Mixed Platforms.Build.0 = Debug|x86
		{D615E8D0-90F8-4A88-8F40-A6D623F10A86}.Debug|x86.ActiveCfg = Debug|x86
		{D615E8D0-90F8-4A88-8F40-A6D623F10A86}.Debug|x86.Build.0 = Debug|x86
		{D615E8D0-90F8-4A88-8F40-A6D623F10A86}.Release|Any CPU.ActiveCfg = Release|x86
		{D615E8D0-90F8-4A88-8F40-A6D623F10A86}.Release|Mixed Platforms.ActiveCfg = Release|x86
		{D615E8D0-90F8-4A88-8F40-A6D623F10A86}.Release|Mixed Platforms.Build.0 = Release|x86
		{D615E8D0-90F8-4A88-8F40-A6D623F10A86}.Release|x86.ActiveCfg = Release|x86
		{D615E8D0-90F8-4A88-8F40-A6D623F10A86}.Release|x86.Build.0 = Release|x86
		{8CDB0658-6FAE-41B3-A9F8-0A336A4149D0}.Debug|Any CPU.ActiveCfg = Debug|x86
		{8CDB0658-6FAE-41B3-A9F8-0A336A4149D0}.Debug|Mixed Platforms.ActiveCfg = Debug|x86
		{8CDB0658-6FAE-41B3-A9F8-0A336A4149D0}.Debug|Mixed Platforms.Build.0 = Debug|x86
		{8CDB0658-6FAE-41B3-A9F8-0A336A4149D0}.Debug|x86.ActiveCfg = Debug|x86
		{8CDB0658-6FAE-41B3-A9F8-0A336A4149D0}.Debug|x86.Build.0 = Debug|x86
		{8CDB0658-6FAE-41B3-A9F8-0A336A4149D0}.Release|Any CPU.ActiveCfg = Release|x86
		{8CDB0658-6FAE-41B3-A9F8-0A336A4149D0}.Release|Mixed Platforms.ActiveCfg = Release|x86
		{8CDB0658-6FAE-41B3-A9F8-0A336A4149D0}.Release|Mixed Platforms.Build.0 = Release|x86
		{8CDB0658-6FAE-41B3-A9F8-0A336A4149D0}.Release|x86.ActiveCfg = Release|x86
		{8CDB0658-6FAE-41B3-A9F8-0A336A4149D0}.Release|x86.Build.0 = Release|x86
		{A02DDE7C-0D32-42CA-B8FF-960CD5FFFB5D}.Debug|Any CPU.ActiveCfg = Debug|x86
		{A02DDE7C-0D32-42CA-B8FF-960CD5FFFB5D}.Debug|Mixed Platforms.ActiveCfg = Debug|x86
		{A02DDE7C-0D32-42CA-B8FF-960CD5FFFB5D}.Debug|Mixed Platforms.Build.0 = Debug|x86
		{A02DDE7C-0D32-42CA-B8FF-960CD5FFFB5D}.Debug|x86.ActiveCfg = Debug|x86
		{A02DDE7C-0D32-42CA-B8FF-960CD5FFFB5D}.Debug|x86.Build.0 = Debug|x86
		{A02DDE7C-0D32-42CA-B8FF-960CD5FFFB5D}.Release|Any CPU.ActiveCfg = Release|x86
		{A02DDE7C-0D32-42CA-B8FF-960CD5FFFB5D}.Release|Mixed Platforms.ActiveCfg = Release|x86
		{A02DDE7C-0D32-42CA-B8FF-960CD5FFFB5D}.Release|Mixed Platforms.Build.0 = Release|x86
		{A02DDE7C-0D32-42CA-B8FF-960CD5FFFB5D}.Release|x86.ActiveCfg = Release|x86
		{A02DDE7C-0D32-42CA-B8FF-960CD5FFFB5D}.Release|x86.Build.0 = Release|x86
		{ED8FF12A-1EB7-4C50-84DB-B66497A5A934}.Debug|Any CPU.ActiveCfg = Debug|x86
		{ED8FF12A-1EB7-4C50-84DB-B66497A5A934}.Debug|Mixed Platforms.ActiveCfg = Debug|x86
		{ED8FF12A-1EB7-4C50-84DB-B66497A5A934}.Debug|Mixed Platforms.Build.0 = Debug|x86
		{ED8FF12A-1EB7-4C50-84DB-B66497A5A934}.Debug|x86.ActiveCfg = Debug|x86
		{ED8FF12A-1EB7-4C50-84DB-B66497A5A934}.Debug|x86.Build.0 = Debug|x86
		{ED8FF12A-1EB7-4C50-84DB-B66497A5A934}.Release|Any CPU.ActiveCfg = Release|x86
		{ED8FF12A-1EB7-4C50-84DB-B66497A5A934}.Release|Mixed Platforms.ActiveCfg = Release|x86
		{ED8FF12A-1EB7-4C50-84DB-B66497A5A934}.Release|Mixed Platforms.Build.0 = Release|x86
		{ED8FF12A-1EB7-4C50-84DB-B66497A5A934}.Release|x86.ActiveCfg = Release|x86
		{ED8FF12A-1EB7-4C50-84DB-B66497A5A934}.Release|x86.Build.0 = Release|x86
	EndGlobalSection
	GlobalSection(SolutionProperties) = preSolution
		HideSolutionNode = FALSE
	EndGlobalSection
EndGlobal
